
Microsoft Visual Studio Solution File, Format Version 12.00
# Visual Studio Version 16
VisualStudioVersion = 16.0.31605.320
MinimumVisualStudioVersion = 10.0.40219.1
Project("{FAE04EC0-301F-11D3-BF4B-00C04F79EFBC}") = "PhoenixToolkits.Protobuf.ExtendTypes", "PhoenixToolkits.Protobuf.ExtendTypes\PhoenixToolkits.Protobuf.ExtendTypes.csproj", "{8C27E714-99E3-423F-9571-B8CFC2E13C5D}"
EndProject
Project("{2150E333-8FDC-42A3-9474-1A3956D46DE8}") = "Solution Items", "Solution Items", "{2699B99D-45FA-4B5F-841F-2EAB935A1BDB}"
	ProjectSection(SolutionItems) = preProject
		.editorconfig = .editorconfig
	EndProjectSection
EndProject
Project("{FAE04EC0-301F-11D3-BF4B-00C04F79EFBC}") = "PhoenixToolkits.Protobuf.ExtendTypes.Tests", "PhoenixToolkits.Protobuf.ExtendTypes.Tests\PhoenixToolkits.Protobuf.ExtendTypes.Tests.csproj", "{1450ACB0-727C-48F2-8D77-BBD9E8F54E71}"
EndProject
Global
	GlobalSection(SolutionConfigurationPlatforms) = preSolution
		Debug|Any CPU = Debug|Any CPU
		Release|Any CPU = Release|Any CPU
	EndGlobalSection
	GlobalSection(ProjectConfigurationPlatforms) = postSolution
		{8C27E714-99E3-423F-9571-B8CFC2E13C5D}.Debug|Any CPU.ActiveCfg = Debug|Any CPU
		{8C27E714-99E3-423F-9571-B8CFC2E13C5D}.Debug|Any CPU.Build.0 = Debug|Any CPU
		{8C27E714-99E3-423F-9571-B8CFC2E13C5D}.Release|Any CPU.ActiveCfg = Release|Any CPU
		{8C27E714-99E3-423F-9571-B8CFC2E13C5D}.Release|Any CPU.Build.0 = Release|Any CPU
		{1450ACB0-727C-48F2-8D77-BBD9E8F54E71}.Debug|Any CPU.ActiveCfg = Debug|Any CPU
		{1450ACB0-727C-48F2-8D77-BBD9E8F54E71}.Debug|Any CPU.Build.0 = Debug|Any CPU
		{1450ACB0-727C-48F2-8D77-BBD9E8F54E71}.Release|Any CPU.ActiveCfg = Release|Any CPU
		{1450ACB0-727C-48F2-8D77-BBD9E8F54E71}.Release|Any CPU.Build.0 = Release|Any CPU
	EndGlobalSection
	GlobalSection(SolutionProperties) = preSolution
		HideSolutionNode = FALSE
	EndGlobalSection
	GlobalSection(ExtensibilityGlobals) = postSolution
		SolutionGuid = {ACD5F5D3-7B5D-423C-8C04-6613609FCE2D}
	EndGlobalSection
EndGlobal
